// !$*UTF8*$!
{
	archiveVersion = 1;
	classes = {
	};
	objectVersion = 50;
	objects = {

/* Begin PBXBuildFile section */
		841AD73622EE93AD00F9AB7D /* AppDelegate.m in Sources */ = {isa = PBXBuildFile; fileRef = 841AD73522EE93AD00F9AB7D /* AppDelegate.m */; };
		841AD73922EE93AD00F9AB7D /* ViewController.mm in Sources */ = {isa = PBXBuildFile; fileRef = 841AD73822EE93AD00F9AB7D /* ViewController.mm */; };
		841AD73C22EE93AD00F9AB7D /* Main.storyboard in Resources */ = {isa = PBXBuildFile; fileRef = 841AD73A22EE93AD00F9AB7D /* Main.storyboard */; };
		841AD73E22EE93AE00F9AB7D /* Assets.xcassets in Resources */ = {isa = PBXBuildFile; fileRef = 841AD73D22EE93AE00F9AB7D /* Assets.xcassets */; };
		841AD74122EE93AE00F9AB7D /* LaunchScreen.storyboard in Resources */ = {isa = PBXBuildFile; fileRef = 841AD73F22EE93AE00F9AB7D /* LaunchScreen.storyboard */; };
		841AD74422EE93AE00F9AB7D /* main.m in Sources */ = {isa = PBXBuildFile; fileRef = 841AD74322EE93AE00F9AB7D /* main.m */; };
		841AD75922EE93AE00F9AB7D /* layouterSampleUITests.m in Sources */ = {isa = PBXBuildFile; fileRef = 841AD75822EE93AE00F9AB7D /* layouterSampleUITests.m */; };
		841AD7C522EE93FA00F9AB7D /* MICAcom.m in Sources */ = {isa = PBXBuildFile; fileRef = 841AD76A22EE93FA00F9AB7D /* MICAcom.m */; };
		841AD7C622EE93FA00F9AB7D /* MICResetableEvent.m in Sources */ = {isa = PBXBuildFile; fileRef = 841AD76F22EE93FA00F9AB7D /* MICResetableEvent.m */; };
		841AD7C722EE93FA00F9AB7D /* MICTargetSelector.m in Sources */ = {isa = PBXBuildFile; fileRef = 841AD77022EE93FA00F9AB7D /* MICTargetSelector.m */; };
		841AD7C822EE93FA00F9AB7D /* MICImageUtil.mm in Sources */ = {isa = PBXBuildFile; fileRef = 841AD77122EE93FA00F9AB7D /* MICImageUtil.mm */; };
		841AD7C922EE93FA00F9AB7D /* MICPathRepository.m in Sources */ = {isa = PBXBuildFile; fileRef = 841AD77322EE93FA00F9AB7D /* MICPathRepository.m */; };
		841AD7CA22EE93FA00F9AB7D /* MICExecutor.m in Sources */ = {isa = PBXBuildFile; fileRef = 841AD77622EE93FA00F9AB7D /* MICExecutor.m */; };
		841AD7CB22EE93FA00F9AB7D /* MICQueue.m in Sources */ = {isa = PBXBuildFile; fileRef = 841AD77D22EE93FA00F9AB7D /* MICQueue.m */; };
		841AD7CC22EE93FA00F9AB7D /* MICObservers.m in Sources */ = {isa = PBXBuildFile; fileRef = 841AD77E22EE93FA00F9AB7D /* MICObservers.m */; };
		841AD7CD22EE93FA00F9AB7D /* MICDelegates.m in Sources */ = {isa = PBXBuildFile; fileRef = 841AD78022EE93FA00F9AB7D /* MICDelegates.m */; };
		841AD7CE22EE93FA00F9AB7D /* MICSvgPath.mm in Sources */ = {isa = PBXBuildFile; fileRef = 841AD78122EE93FA00F9AB7D /* MICSvgPath.mm */; };
		841AD7CF22EE93FA00F9AB7D /* MICAsync.m in Sources */ = {isa = PBXBuildFile; fileRef = 841AD78722EE93FA00F9AB7D /* MICAsync.m */; };
		841AD7D022EE93FA00F9AB7D /* MICSortedArray.mm in Sources */ = {isa = PBXBuildFile; fileRef = 841AD78A22EE93FA00F9AB7D /* MICSortedArray.mm */; };
		841AD7D122EE93FA00F9AB7D /* MICArray.m in Sources */ = {isa = PBXBuildFile; fileRef = 841AD78B22EE93FA00F9AB7D /* MICArray.m */; };
		841AD7D222EE93FA00F9AB7D /* MICTree.m in Sources */ = {isa = PBXBuildFile; fileRef = 841AD78C22EE93FA00F9AB7D /* MICTree.m */; };
		841AD7D322EE93FA00F9AB7D /* MICMatrix.m in Sources */ = {isa = PBXBuildFile; fileRef = 841AD78D22EE93FA00F9AB7D /* MICMatrix.m */; };
		841AD7D422EE93FA00F9AB7D /* MICUiStackLayout.mm in Sources */ = {isa = PBXBuildFile; fileRef = 841AD78F22EE93FA00F9AB7D /* MICUiStackLayout.mm */; };
		841AD7D522EE93FA00F9AB7D /* MICUiAccordionCellViewSwicherProc.m in Sources */ = {isa = PBXBuildFile; fileRef = 841AD79022EE93FA00F9AB7D /* MICUiAccordionCellViewSwicherProc.m */; };
		841AD7D622EE93FA00F9AB7D /* MICUiGridLayout.mm in Sources */ = {isa = PBXBuildFile; fileRef = 841AD79322EE93FA00F9AB7D /* MICUiGridLayout.mm */; };
		841AD7D722EE93FA00F9AB7D /* layouter.md in Resources */ = {isa = PBXBuildFile; fileRef = 841AD79422EE93FA00F9AB7D /* layouter.md */; };
		841AD7D822EE93FA00F9AB7D /* MICUiCellDragSupportEx.mm in Sources */ = {isa = PBXBuildFile; fileRef = 841AD79722EE93FA00F9AB7D /* MICUiCellDragSupportEx.mm */; };
		841AD7D922EE93FA00F9AB7D /* MICUiCellDragSupport.mm in Sources */ = {isa = PBXBuildFile; fileRef = 841AD79822EE93FA00F9AB7D /* MICUiCellDragSupport.mm */; };
		841AD7DA22EE93FA00F9AB7D /* MICUiDragView.m in Sources */ = {isa = PBXBuildFile; fileRef = 841AD79B22EE93FA00F9AB7D /* MICUiDragView.m */; };
		841AD7DB22EE93FA00F9AB7D /* MICUiCellDragHandler.m in Sources */ = {isa = PBXBuildFile; fileRef = 841AD79D22EE93FA00F9AB7D /* MICUiCellDragHandler.m */; };
		841AD7DC22EE93FA00F9AB7D /* MICUiBaseLayout.m in Sources */ = {isa = PBXBuildFile; fileRef = 841AD79F22EE93FA00F9AB7D /* MICUiBaseLayout.m */; };
		841AD7DD22EE93FA00F9AB7D /* MICUiTabBarView.mm in Sources */ = {isa = PBXBuildFile; fileRef = 841AD7A122EE93FA00F9AB7D /* MICUiTabBarView.mm */; };
		841AD7DE22EE93FA00F9AB7D /* MICUiGridView.m in Sources */ = {isa = PBXBuildFile; fileRef = 841AD7A322EE93FA00F9AB7D /* MICUiGridView.m */; };
		841AD7DF22EE93FA00F9AB7D /* MICUiDsCustomButton.mm in Sources */ = {isa = PBXBuildFile; fileRef = 841AD7A722EE93FA00F9AB7D /* MICUiDsCustomButton.mm */; };
		841AD7E022EE93FA00F9AB7D /* MICUiDsSvgIconButton.mm in Sources */ = {isa = PBXBuildFile; fileRef = 841AD7AA22EE93FA00F9AB7D /* MICUiDsSvgIconButton.mm */; };
		841AD7E122EE93FA00F9AB7D /* MICUiDsTabButton.mm in Sources */ = {isa = PBXBuildFile; fileRef = 841AD7AE22EE93FA00F9AB7D /* MICUiDsTabButton.mm */; };
		841AD7E222EE93FA00F9AB7D /* MICUiDsDefaults.m in Sources */ = {isa = PBXBuildFile; fileRef = 841AD7B022EE93FA00F9AB7D /* MICUiDsDefaults.m */; };
		841AD7E322EE93FA00F9AB7D /* MICUiStatefulResource.m in Sources */ = {isa = PBXBuildFile; fileRef = 841AD7B122EE93FA00F9AB7D /* MICUiStatefulResource.m */; };
		841AD7E422EE93FA00F9AB7D /* MICUiDsTabView.mm in Sources */ = {isa = PBXBuildFile; fileRef = 841AD7B222EE93FA00F9AB7D /* MICUiDsTabView.mm */; };
		841AD7E522EE93FA00F9AB7D /* MICUiLayoutView.m in Sources */ = {isa = PBXBuildFile; fileRef = 841AD7B522EE93FA00F9AB7D /* MICUiLayoutView.m */; };
		841AD7E622EE93FA00F9AB7D /* MICUiStackView.m in Sources */ = {isa = PBXBuildFile; fileRef = 841AD7B722EE93FA00F9AB7D /* MICUiStackView.m */; };
		841AD7E722EE93FA00F9AB7D /* MICUiAccordionView.mm in Sources */ = {isa = PBXBuildFile; fileRef = 841AD7B822EE93FA00F9AB7D /* MICUiAccordionView.mm */; };
		841AD7E822EE93FA00F9AB7D /* MICUiSimpleLayoutView.mm in Sources */ = {isa = PBXBuildFile; fileRef = 841AD7B922EE93FA00F9AB7D /* MICUiSimpleLayoutView.mm */; };
		841AD7E922EE93FA00F9AB7D /* MICUiAccordionCellView.mm in Sources */ = {isa = PBXBuildFile; fileRef = 841AD7BA22EE93FA00F9AB7D /* MICUiAccordionCellView.mm */; };
		841AD7EA22EE93FA00F9AB7D /* MICUiSimpleStackLayoutView.m in Sources */ = {isa = PBXBuildFile; fileRef = 841AD7BD22EE93FA00F9AB7D /* MICUiSimpleStackLayoutView.m */; };
		841AD7EB22EE93FA00F9AB7D /* MICUiSwitchingViewMediator.m in Sources */ = {isa = PBXBuildFile; fileRef = 841AD7C022EE93FA00F9AB7D /* MICUiSwitchingViewMediator.m */; };
		841AD7EC22EE93FA00F9AB7D /* readme.txt in Resources */ = {isa = PBXBuildFile; fileRef = 841AD7C122EE93FA00F9AB7D /* readme.txt */; };
		841AD7ED22EE93FA00F9AB7D /* MICUiVirtualView.mm in Sources */ = {isa = PBXBuildFile; fileRef = 841AD7C222EE93FA00F9AB7D /* MICUiVirtualView.mm */; };
		841AD7EE22EE93FA00F9AB7D /* MICUiRelativeLayout.mm in Sources */ = {isa = PBXBuildFile; fileRef = 841AD7C322EE93FA00F9AB7D /* MICUiRelativeLayout.mm */; };
		841AD83B22F52AEE00F9AB7D /* WPLValueBinding.mm in Sources */ = {isa = PBXBuildFile; fileRef = 841AD81F22F52AEE00F9AB7D /* WPLValueBinding.mm */; };
		841AD83C22F52AEE00F9AB7D /* WPLBoolStateBinding.mm in Sources */ = {isa = PBXBuildFile; fileRef = 841AD82122F52AEE00F9AB7D /* WPLBoolStateBinding.mm */; };
		841AD83D22F52AEE00F9AB7D /* WPLCell.mm in Sources */ = {isa = PBXBuildFile; fileRef = 841AD82622F52AEE00F9AB7D /* WPLCell.mm */; };
		841AD83E22F52AEE00F9AB7D /* WPLTextCell.mm in Sources */ = {isa = PBXBuildFile; fileRef = 841AD82722F52AEE00F9AB7D /* WPLTextCell.mm */; };
		841AD83F22F52AEE00F9AB7D /* WPLValueCell.mm in Sources */ = {isa = PBXBuildFile; fileRef = 841AD82822F52AEE00F9AB7D /* WPLValueCell.mm */; };
		841AD84022F52AEE00F9AB7D /* WPLStackPanel.mm in Sources */ = {isa = PBXBuildFile; fileRef = 841AD82C22F52AEE00F9AB7D /* WPLStackPanel.mm */; };
		841AD84122F52AEE00F9AB7D /* WPLContainerCell.mm in Sources */ = {isa = PBXBuildFile; fileRef = 841AD82D22F52AEE00F9AB7D /* WPLContainerCell.mm */; };
		841AD84222F52AEE00F9AB7D /* WPLGrid.mm in Sources */ = {isa = PBXBuildFile; fileRef = 841AD82E22F52AEE00F9AB7D /* WPLGrid.mm */; };
		841AD84322F52AEE00F9AB7D /* WPLObservableData.mm in Sources */ = {isa = PBXBuildFile; fileRef = 841AD83522F52AEE00F9AB7D /* WPLObservableData.mm */; };
		841AD84422F52AEE00F9AB7D /* WPLObservableMutableData.mm in Sources */ = {isa = PBXBuildFile; fileRef = 841AD83722F52AEE00F9AB7D /* WPLObservableMutableData.mm */; };
		841AD84522F52AEE00F9AB7D /* WPLDelegatedObservableData.mm in Sources */ = {isa = PBXBuildFile; fileRef = 841AD83822F52AEE00F9AB7D /* WPLDelegatedObservableData.mm */; };
		841AD84A22F53C4E00F9AB7D /* layouterSampleTests.m in Sources */ = {isa = PBXBuildFile; fileRef = 841AD74D22EE93AE00F9AB7D /* layouterSampleTests.m */; };
		841AD84D22F5B09C00F9AB7D /* WPLSampleView.mm in Sources */ = {isa = PBXBuildFile; fileRef = 841AD84C22F5B09C00F9AB7D /* WPLSampleView.mm */; };
		841AD85022F6611900F9AB7D /* WPLSwitchCell.m in Sources */ = {isa = PBXBuildFile; fileRef = 841AD84F22F6611900F9AB7D /* WPLSwitchCell.m */; };
		841AD85322F6722C00F9AB7D /* WPLBinder.mm in Sources */ = {isa = PBXBuildFile; fileRef = 841AD85222F6722C00F9AB7D /* WPLBinder.mm */; };
		841AD85622F7BD7D00F9AB7D /* WPLGenericBinding.m in Sources */ = {isa = PBXBuildFile; fileRef = 841AD85522F7BD7D00F9AB7D /* WPLGenericBinding.m */; };
		841AD85922F8104C00F9AB7D /* WPLGridSampleViewController.mm in Sources */ = {isa = PBXBuildFile; fileRef = 841AD85822F8104C00F9AB7D /* WPLGridSampleViewController.mm */; };
		841AD85C22FB203700F9AB7D /* bindingTests.mm in Sources */ = {isa = PBXBuildFile; fileRef = 841AD85B22FB203700F9AB7D /* bindingTests.mm */; };
		841AD86222FC0F8D00F9AB7D /* WPLHostViewController.mm in Sources */ = {isa = PBXBuildFile; fileRef = 841AD86122FC0F8D00F9AB7D /* WPLHostViewController.mm */; };
		841AD86522FC5C4100F9AB7D /* WPLFrame.mm in Sources */ = {isa = PBXBuildFile; fileRef = 841AD86422FC5C4100F9AB7D /* WPLFrame.mm */; };
		841AD86922FD513C00F9AB7D /* WPLCellHostingView.mm in Sources */ = {isa = PBXBuildFile; fileRef = 841AD86822FD513C00F9AB7D /* WPLCellHostingView.mm */; };
		841AD86F22FD684D00F9AB7D /* WPLFrameView.mm in Sources */ = {isa = PBXBuildFile; fileRef = 841AD86E22FD684D00F9AB7D /* WPLFrameView.mm */; };
		841AD87222FD6B8D00F9AB7D /* WPLGridView.mm in Sources */ = {isa = PBXBuildFile; fileRef = 841AD87122FD6B8D00F9AB7D /* WPLGridView.mm */; };
		841AD87522FD6DA300F9AB7D /* WPLStackPanelView.mm in Sources */ = {isa = PBXBuildFile; fileRef = 841AD87422FD6DA300F9AB7D /* WPLStackPanelView.mm */; };
		841AD87922FD827500F9AB7D /* MICLayoutConstraint.mm in Sources */ = {isa = PBXBuildFile; fileRef = 841AD87722FD827500F9AB7D /* MICLayoutConstraint.mm */; };
/* End PBXBuildFile section */

/* Begin PBXContainerItemProxy section */
		841AD74A22EE93AE00F9AB7D /* PBXContainerItemProxy */ = {
			isa = PBXContainerItemProxy;
			containerPortal = 841AD72922EE93AD00F9AB7D /* Project object */;
			proxyType = 1;
			remoteGlobalIDString = 841AD73022EE93AD00F9AB7D;
			remoteInfo = layouterSample;
		};
		841AD75522EE93AE00F9AB7D /* PBXContainerItemProxy */ = {
			isa = PBXContainerItemProxy;
			containerPortal = 841AD72922EE93AD00F9AB7D /* Project object */;
			proxyType = 1;
			remoteGlobalIDString = 841AD73022EE93AD00F9AB7D;
			remoteInfo = layouterSample;
		};
/* End PBXContainerItemProxy section */

/* Begin PBXFileReference section */
		841AD73122EE93AD00F9AB7D /* layouterSample.app */ = {isa = PBXFileReference; explicitFileType = wrapper.application; includeInIndex = 0; path = layouterSample.app; sourceTree = BUILT_PRODUCTS_DIR; };
		841AD73422EE93AD00F9AB7D /* AppDelegate.h */ = {isa = PBXFileReference; lastKnownFileType = sourcecode.c.h; path = AppDelegate.h; sourceTree = "<group>"; };
		841AD73522EE93AD00F9AB7D /* AppDelegate.m */ = {isa = PBXFileReference; lastKnownFileType = sourcecode.c.objc; path = AppDelegate.m; sourceTree = "<group>"; };
		841AD73722EE93AD00F9AB7D /* ViewController.h */ = {isa = PBXFileReference; lastKnownFileType = sourcecode.c.h; path = ViewController.h; sourceTree = "<group>"; };
		841AD73822EE93AD00F9AB7D /* ViewController.mm */ = {isa = PBXFileReference; lastKnownFileType = sourcecode.cpp.objcpp; path = ViewController.mm; sourceTree = "<group>"; };
		841AD73B22EE93AD00F9AB7D /* Base */ = {isa = PBXFileReference; lastKnownFileType = file.storyboard; name = Base; path = Base.lproj/Main.storyboard; sourceTree = "<group>"; };
		841AD73D22EE93AE00F9AB7D /* Assets.xcassets */ = {isa = PBXFileReference; lastKnownFileType = folder.assetcatalog; path = Assets.xcassets; sourceTree = "<group>"; };
		841AD74022EE93AE00F9AB7D /* Base */ = {isa = PBXFileReference; lastKnownFileType = file.storyboard; name = Base; path = Base.lproj/LaunchScreen.storyboard; sourceTree = "<group>"; };
		841AD74222EE93AE00F9AB7D /* Info.plist */ = {isa = PBXFileReference; lastKnownFileType = text.plist.xml; path = Info.plist; sourceTree = "<group>"; };
		841AD74322EE93AE00F9AB7D /* main.m */ = {isa = PBXFileReference; lastKnownFileType = sourcecode.c.objc; path = main.m; sourceTree = "<group>"; };
		841AD74922EE93AE00F9AB7D /* layouterSampleTests.xctest */ = {isa = PBXFileReference; explicitFileType = wrapper.cfbundle; includeInIndex = 0; path = layouterSampleTests.xctest; sourceTree = BUILT_PRODUCTS_DIR; };
		841AD74D22EE93AE00F9AB7D /* layouterSampleTests.m */ = {isa = PBXFileReference; lastKnownFileType = sourcecode.c.objc; path = layouterSampleTests.m; sourceTree = "<group>"; };
		841AD74F22EE93AE00F9AB7D /* Info.plist */ = {isa = PBXFileReference; lastKnownFileType = text.plist.xml; path = Info.plist; sourceTree = "<group>"; };
		841AD75422EE93AE00F9AB7D /* layouterSampleUITests.xctest */ = {isa = PBXFileReference; explicitFileType = wrapper.cfbundle; includeInIndex = 0; path = layouterSampleUITests.xctest; sourceTree = BUILT_PRODUCTS_DIR; };
		841AD75822EE93AE00F9AB7D /* layouterSampleUITests.m */ = {isa = PBXFileReference; lastKnownFileType = sourcecode.c.objc; path = layouterSampleUITests.m; sourceTree = "<group>"; };
		841AD75A22EE93AE00F9AB7D /* Info.plist */ = {isa = PBXFileReference; lastKnownFileType = text.plist.xml; path = Info.plist; sourceTree = "<group>"; };
		841AD76722EE93FA00F9AB7D /* MICUiStackLayout.h */ = {isa = PBXFileReference; fileEncoding = 4; lastKnownFileType = sourcecode.c.h; path = MICUiStackLayout.h; sourceTree = "<group>"; };
		841AD76922EE93FA00F9AB7D /* MICUiColorUtil.h */ = {isa = PBXFileReference; fileEncoding = 4; lastKnownFileType = sourcecode.c.h; path = MICUiColorUtil.h; sourceTree = "<group>"; };
		841AD76A22EE93FA00F9AB7D /* MICAcom.m */ = {isa = PBXFileReference; fileEncoding = 4; lastKnownFileType = sourcecode.c.objc; path = MICAcom.m; sourceTree = "<group>"; };
		841AD76B22EE93FA00F9AB7D /* MICObservers.h */ = {isa = PBXFileReference; fileEncoding = 4; lastKnownFileType = sourcecode.c.h; path = MICObservers.h; sourceTree = "<group>"; };
		841AD76C22EE93FA00F9AB7D /* MICQueue.h */ = {isa = PBXFileReference; fileEncoding = 4; lastKnownFileType = sourcecode.c.h; path = MICQueue.h; sourceTree = "<group>"; };
		841AD76D22EE93FA00F9AB7D /* MICDicUtil.h */ = {isa = PBXFileReference; fileEncoding = 4; lastKnownFileType = sourcecode.c.h; path = MICDicUtil.h; sourceTree = "<group>"; };
		841AD76E22EE93FA00F9AB7D /* MICStringUtil.h */ = {isa = PBXFileReference; fileEncoding = 4; lastKnownFileType = sourcecode.c.h; path = MICStringUtil.h; sourceTree = "<group>"; };
		841AD76F22EE93FA00F9AB7D /* MICResetableEvent.m */ = {isa = PBXFileReference; fileEncoding = 4; lastKnownFileType = sourcecode.c.objc; path = MICResetableEvent.m; sourceTree = "<group>"; };
		841AD77022EE93FA00F9AB7D /* MICTargetSelector.m */ = {isa = PBXFileReference; fileEncoding = 4; lastKnownFileType = sourcecode.c.objc; path = MICTargetSelector.m; sourceTree = "<group>"; };
		841AD77122EE93FA00F9AB7D /* MICImageUtil.mm */ = {isa = PBXFileReference; fileEncoding = 4; lastKnownFileType = sourcecode.cpp.objcpp; path = MICImageUtil.mm; sourceTree = "<group>"; };
		841AD77222EE93FA00F9AB7D /* MICAsync.h */ = {isa = PBXFileReference; fileEncoding = 4; lastKnownFileType = sourcecode.c.h; path = MICAsync.h; sourceTree = "<group>"; };
		841AD77322EE93FA00F9AB7D /* MICPathRepository.m */ = {isa = PBXFileReference; fileEncoding = 4; lastKnownFileType = sourcecode.c.objc; path = MICPathRepository.m; sourceTree = "<group>"; };
		841AD77422EE93FA00F9AB7D /* MICSvgPath.h */ = {isa = PBXFileReference; fileEncoding = 4; lastKnownFileType = sourcecode.c.h; path = MICSvgPath.h; sourceTree = "<group>"; };
		841AD77522EE93FA00F9AB7D /* MICDelegates.h */ = {isa = PBXFileReference; fileEncoding = 4; lastKnownFileType = sourcecode.c.h; path = MICDelegates.h; sourceTree = "<group>"; };
		841AD77622EE93FA00F9AB7D /* MICExecutor.m */ = {isa = PBXFileReference; fileEncoding = 4; lastKnownFileType = sourcecode.c.objc; path = MICExecutor.m; sourceTree = "<group>"; };
		841AD77722EE93FA00F9AB7D /* MICMatrix.h */ = {isa = PBXFileReference; fileEncoding = 4; lastKnownFileType = sourcecode.c.h; path = MICMatrix.h; sourceTree = "<group>"; };
		841AD77822EE93FA00F9AB7D /* MICTree.h */ = {isa = PBXFileReference; fileEncoding = 4; lastKnownFileType = sourcecode.c.h; path = MICTree.h; sourceTree = "<group>"; };
		841AD77922EE93FA00F9AB7D /* MICSortedArray.h */ = {isa = PBXFileReference; fileEncoding = 4; lastKnownFileType = sourcecode.c.h; path = MICSortedArray.h; sourceTree = "<group>"; };
		841AD77A22EE93FA00F9AB7D /* MICArray.h */ = {isa = PBXFileReference; fileEncoding = 4; lastKnownFileType = sourcecode.c.h; path = MICArray.h; sourceTree = "<group>"; };
		841AD77B22EE93FA00F9AB7D /* MICAcom.h */ = {isa = PBXFileReference; fileEncoding = 4; lastKnownFileType = sourcecode.c.h; path = MICAcom.h; sourceTree = "<group>"; };
		841AD77C22EE93FA00F9AB7D /* MICCGContext.h */ = {isa = PBXFileReference; fileEncoding = 4; lastKnownFileType = sourcecode.c.h; path = MICCGContext.h; sourceTree = "<group>"; };
		841AD77D22EE93FA00F9AB7D /* MICQueue.m */ = {isa = PBXFileReference; fileEncoding = 4; lastKnownFileType = sourcecode.c.objc; path = MICQueue.m; sourceTree = "<group>"; };
		841AD77E22EE93FA00F9AB7D /* MICObservers.m */ = {isa = PBXFileReference; fileEncoding = 4; lastKnownFileType = sourcecode.c.objc; path = MICObservers.m; sourceTree = "<group>"; };
		841AD77F22EE93FA00F9AB7D /* MICExecutor.h */ = {isa = PBXFileReference; fileEncoding = 4; lastKnownFileType = sourcecode.c.h; path = MICExecutor.h; sourceTree = "<group>"; };
		841AD78022EE93FA00F9AB7D /* MICDelegates.m */ = {isa = PBXFileReference; fileEncoding = 4; lastKnownFileType = sourcecode.c.objc; path = MICDelegates.m; sourceTree = "<group>"; };
		841AD78122EE93FA00F9AB7D /* MICSvgPath.mm */ = {isa = PBXFileReference; fileEncoding = 4; lastKnownFileType = sourcecode.cpp.objcpp; path = MICSvgPath.mm; sourceTree = "<group>"; };
		841AD78222EE93FA00F9AB7D /* MICVar.h */ = {isa = PBXFileReference; fileEncoding = 4; lastKnownFileType = sourcecode.c.h; path = MICVar.h; sourceTree = "<group>"; };
		841AD78322EE93FA00F9AB7D /* MICSpan.h */ = {isa = PBXFileReference; fileEncoding = 4; lastKnownFileType = sourcecode.c.h; path = MICSpan.h; sourceTree = "<group>"; };
		841AD78422EE93FA00F9AB7D /* MICPathRepository.h */ = {isa = PBXFileReference; fileEncoding = 4; lastKnownFileType = sourcecode.c.h; path = MICPathRepository.h; sourceTree = "<group>"; };
		841AD78522EE93FA00F9AB7D /* MICImageUtil.h */ = {isa = PBXFileReference; fileEncoding = 4; lastKnownFileType = sourcecode.c.h; path = MICImageUtil.h; sourceTree = "<group>"; };
		841AD78622EE93FA00F9AB7D /* MICUiRectUtil.h */ = {isa = PBXFileReference; fileEncoding = 4; lastKnownFileType = sourcecode.c.h; path = MICUiRectUtil.h; sourceTree = "<group>"; };
		841AD78722EE93FA00F9AB7D /* MICAsync.m */ = {isa = PBXFileReference; fileEncoding = 4; lastKnownFileType = sourcecode.c.objc; path = MICAsync.m; sourceTree = "<group>"; };
		841AD78822EE93FA00F9AB7D /* MICTargetSelector.h */ = {isa = PBXFileReference; fileEncoding = 4; lastKnownFileType = sourcecode.c.h; path = MICTargetSelector.h; sourceTree = "<group>"; };
		841AD78922EE93FA00F9AB7D /* MICResetableEvent.h */ = {isa = PBXFileReference; fileEncoding = 4; lastKnownFileType = sourcecode.c.h; path = MICResetableEvent.h; sourceTree = "<group>"; };
		841AD78A22EE93FA00F9AB7D /* MICSortedArray.mm */ = {isa = PBXFileReference; fileEncoding = 4; lastKnownFileType = sourcecode.cpp.objcpp; path = MICSortedArray.mm; sourceTree = "<group>"; };
		841AD78B22EE93FA00F9AB7D /* MICArray.m */ = {isa = PBXFileReference; fileEncoding = 4; lastKnownFileType = sourcecode.c.objc; path = MICArray.m; sourceTree = "<group>"; };
		841AD78C22EE93FA00F9AB7D /* MICTree.m */ = {isa = PBXFileReference; fileEncoding = 4; lastKnownFileType = sourcecode.c.objc; path = MICTree.m; sourceTree = "<group>"; };
		841AD78D22EE93FA00F9AB7D /* MICMatrix.m */ = {isa = PBXFileReference; fileEncoding = 4; lastKnownFileType = sourcecode.c.objc; path = MICMatrix.m; sourceTree = "<group>"; };
		841AD78E22EE93FA00F9AB7D /* MICUiSwitchingViewMediator.h */ = {isa = PBXFileReference; fileEncoding = 4; lastKnownFileType = sourcecode.c.h; path = MICUiSwitchingViewMediator.h; sourceTree = "<group>"; };
		841AD78F22EE93FA00F9AB7D /* MICUiStackLayout.mm */ = {isa = PBXFileReference; fileEncoding = 4; lastKnownFileType = sourcecode.cpp.objcpp; path = MICUiStackLayout.mm; sourceTree = "<group>"; };
		841AD79022EE93FA00F9AB7D /* MICUiAccordionCellViewSwicherProc.m */ = {isa = PBXFileReference; fileEncoding = 4; lastKnownFileType = sourcecode.c.objc; path = MICUiAccordionCellViewSwicherProc.m; sourceTree = "<group>"; };
		841AD79122EE93FA00F9AB7D /* MICUiBaseLayout.h */ = {isa = PBXFileReference; fileEncoding = 4; lastKnownFileType = sourcecode.c.h; path = MICUiBaseLayout.h; sourceTree = "<group>"; };
		841AD79222EE93FA00F9AB7D /* MICUiVirtualView.h */ = {isa = PBXFileReference; fileEncoding = 4; lastKnownFileType = sourcecode.c.h; path = MICUiVirtualView.h; sourceTree = "<group>"; };
		841AD79322EE93FA00F9AB7D /* MICUiGridLayout.mm */ = {isa = PBXFileReference; fileEncoding = 4; lastKnownFileType = sourcecode.cpp.objcpp; path = MICUiGridLayout.mm; sourceTree = "<group>"; };
		841AD79422EE93FA00F9AB7D /* layouter.md */ = {isa = PBXFileReference; fileEncoding = 4; lastKnownFileType = net.daringfireball.markdown; path = layouter.md; sourceTree = "<group>"; };
		841AD79622EE93FA00F9AB7D /* MICUiDragView.h */ = {isa = PBXFileReference; fileEncoding = 4; lastKnownFileType = sourcecode.c.h; path = MICUiDragView.h; sourceTree = "<group>"; };
		841AD79722EE93FA00F9AB7D /* MICUiCellDragSupportEx.mm */ = {isa = PBXFileReference; fileEncoding = 4; lastKnownFileType = sourcecode.cpp.objcpp; path = MICUiCellDragSupportEx.mm; sourceTree = "<group>"; };
		841AD79822EE93FA00F9AB7D /* MICUiCellDragSupport.mm */ = {isa = PBXFileReference; fileEncoding = 4; lastKnownFileType = sourcecode.cpp.objcpp; path = MICUiCellDragSupport.mm; sourceTree = "<group>"; };
		841AD79922EE93FA00F9AB7D /* MICUiCellDragHandler.h */ = {isa = PBXFileReference; fileEncoding = 4; lastKnownFileType = sourcecode.c.h; path = MICUiCellDragHandler.h; sourceTree = "<group>"; };
		841AD79A22EE93FA00F9AB7D /* MICUiCellDragSupport.h */ = {isa = PBXFileReference; fileEncoding = 4; lastKnownFileType = sourcecode.c.h; path = MICUiCellDragSupport.h; sourceTree = "<group>"; };
		841AD79B22EE93FA00F9AB7D /* MICUiDragView.m */ = {isa = PBXFileReference; fileEncoding = 4; lastKnownFileType = sourcecode.c.objc; path = MICUiDragView.m; sourceTree = "<group>"; };
		841AD79C22EE93FA00F9AB7D /* MICUiCellDragSupportEx.h */ = {isa = PBXFileReference; fileEncoding = 4; lastKnownFileType = sourcecode.c.h; path = MICUiCellDragSupportEx.h; sourceTree = "<group>"; };
		841AD79D22EE93FA00F9AB7D /* MICUiCellDragHandler.m */ = {isa = PBXFileReference; fileEncoding = 4; lastKnownFileType = sourcecode.c.objc; path = MICUiCellDragHandler.m; sourceTree = "<group>"; };
		841AD79E22EE93FA00F9AB7D /* MICUiLayout.h */ = {isa = PBXFileReference; fileEncoding = 4; lastKnownFileType = sourcecode.c.h; path = MICUiLayout.h; sourceTree = "<group>"; };
		841AD79F22EE93FA00F9AB7D /* MICUiBaseLayout.m */ = {isa = PBXFileReference; fileEncoding = 4; lastKnownFileType = sourcecode.c.objc; path = MICUiBaseLayout.m; sourceTree = "<group>"; };
		841AD7A122EE93FA00F9AB7D /* MICUiTabBarView.mm */ = {isa = PBXFileReference; fileEncoding = 4; lastKnownFileType = sourcecode.cpp.objcpp; path = MICUiTabBarView.mm; sourceTree = "<group>"; };
		841AD7A222EE93FA00F9AB7D /* MICUiStackView.h */ = {isa = PBXFileReference; fileEncoding = 4; lastKnownFileType = sourcecode.c.h; path = MICUiStackView.h; sourceTree = "<group>"; };
		841AD7A322EE93FA00F9AB7D /* MICUiGridView.m */ = {isa = PBXFileReference; fileEncoding = 4; lastKnownFileType = sourcecode.c.objc; path = MICUiGridView.m; sourceTree = "<group>"; };
		841AD7A422EE93FA00F9AB7D /* MICUiTabBarView.h */ = {isa = PBXFileReference; fileEncoding = 4; lastKnownFileType = sourcecode.c.h; path = MICUiTabBarView.h; sourceTree = "<group>"; };
		841AD7A522EE93FA00F9AB7D /* MICUiAccordionView.h */ = {isa = PBXFileReference; fileEncoding = 4; lastKnownFileType = sourcecode.c.h; path = MICUiAccordionView.h; sourceTree = "<group>"; };
		841AD7A722EE93FA00F9AB7D /* MICUiDsCustomButton.mm */ = {isa = PBXFileReference; fileEncoding = 4; lastKnownFileType = sourcecode.cpp.objcpp; path = MICUiDsCustomButton.mm; sourceTree = "<group>"; };
		841AD7A822EE93FA00F9AB7D /* MICUiDsSvgIconButton.h */ = {isa = PBXFileReference; fileEncoding = 4; lastKnownFileType = sourcecode.c.h; path = MICUiDsSvgIconButton.h; sourceTree = "<group>"; };
		841AD7A922EE93FA00F9AB7D /* MICUiDsDefaults.h */ = {isa = PBXFileReference; fileEncoding = 4; lastKnownFileType = sourcecode.c.h; path = MICUiDsDefaults.h; sourceTree = "<group>"; };
		841AD7AA22EE93FA00F9AB7D /* MICUiDsSvgIconButton.mm */ = {isa = PBXFileReference; fileEncoding = 4; lastKnownFileType = sourcecode.cpp.objcpp; path = MICUiDsSvgIconButton.mm; sourceTree = "<group>"; };
		841AD7AB22EE93FA00F9AB7D /* MICUiStatefulResource.h */ = {isa = PBXFileReference; fileEncoding = 4; lastKnownFileType = sourcecode.c.h; path = MICUiStatefulResource.h; sourceTree = "<group>"; };
		841AD7AC22EE93FA00F9AB7D /* MICUiDsTabView.h */ = {isa = PBXFileReference; fileEncoding = 4; lastKnownFileType = sourcecode.c.h; path = MICUiDsTabView.h; sourceTree = "<group>"; };
		841AD7AD22EE93FA00F9AB7D /* MICUiDsTabButton.h */ = {isa = PBXFileReference; fileEncoding = 4; lastKnownFileType = sourcecode.c.h; path = MICUiDsTabButton.h; sourceTree = "<group>"; };
		841AD7AE22EE93FA00F9AB7D /* MICUiDsTabButton.mm */ = {isa = PBXFileReference; fileEncoding = 4; lastKnownFileType = sourcecode.cpp.objcpp; path = MICUiDsTabButton.mm; sourceTree = "<group>"; };
		841AD7AF22EE93FA00F9AB7D /* MICUiDsCustomButton.h */ = {isa = PBXFileReference; fileEncoding = 4; lastKnownFileType = sourcecode.c.h; path = MICUiDsCustomButton.h; sourceTree = "<group>"; };
		841AD7B022EE93FA00F9AB7D /* MICUiDsDefaults.m */ = {isa = PBXFileReference; fileEncoding = 4; lastKnownFileType = sourcecode.c.objc; path = MICUiDsDefaults.m; sourceTree = "<group>"; };
		841AD7B122EE93FA00F9AB7D /* MICUiStatefulResource.m */ = {isa = PBXFileReference; fileEncoding = 4; lastKnownFileType = sourcecode.c.objc; path = MICUiStatefulResource.m; sourceTree = "<group>"; };
		841AD7B222EE93FA00F9AB7D /* MICUiDsTabView.mm */ = {isa = PBXFileReference; fileEncoding = 4; lastKnownFileType = sourcecode.cpp.objcpp; path = MICUiDsTabView.mm; sourceTree = "<group>"; };
		841AD7B322EE93FA00F9AB7D /* MICUiSimpleStackLayoutView.h */ = {isa = PBXFileReference; fileEncoding = 4; lastKnownFileType = sourcecode.c.h; path = MICUiSimpleStackLayoutView.h; sourceTree = "<group>"; };
		841AD7B422EE93FA00F9AB7D /* MICUiSimpleLayoutView.h */ = {isa = PBXFileReference; fileEncoding = 4; lastKnownFileType = sourcecode.c.h; path = MICUiSimpleLayoutView.h; sourceTree = "<group>"; };
		841AD7B522EE93FA00F9AB7D /* MICUiLayoutView.m */ = {isa = PBXFileReference; fileEncoding = 4; lastKnownFileType = sourcecode.c.objc; path = MICUiLayoutView.m; sourceTree = "<group>"; };
		841AD7B622EE93FA00F9AB7D /* MICUiGridView.h */ = {isa = PBXFileReference; fileEncoding = 4; lastKnownFileType = sourcecode.c.h; path = MICUiGridView.h; sourceTree = "<group>"; };
		841AD7B722EE93FA00F9AB7D /* MICUiStackView.m */ = {isa = PBXFileReference; fileEncoding = 4; lastKnownFileType = sourcecode.c.objc; path = MICUiStackView.m; sourceTree = "<group>"; };
		841AD7B822EE93FA00F9AB7D /* MICUiAccordionView.mm */ = {isa = PBXFileReference; fileEncoding = 4; lastKnownFileType = sourcecode.cpp.objcpp; path = MICUiAccordionView.mm; sourceTree = "<group>"; };
		841AD7B922EE93FA00F9AB7D /* MICUiSimpleLayoutView.mm */ = {isa = PBXFileReference; fileEncoding = 4; lastKnownFileType = sourcecode.cpp.objcpp; path = MICUiSimpleLayoutView.mm; sourceTree = "<group>"; };
		841AD7BA22EE93FA00F9AB7D /* MICUiAccordionCellView.mm */ = {isa = PBXFileReference; fileEncoding = 4; lastKnownFileType = sourcecode.cpp.objcpp; path = MICUiAccordionCellView.mm; sourceTree = "<group>"; };
		841AD7BB22EE93FA00F9AB7D /* MICUiLayoutView.h */ = {isa = PBXFileReference; fileEncoding = 4; lastKnownFileType = sourcecode.c.h; path = MICUiLayoutView.h; sourceTree = "<group>"; };
		841AD7BC22EE93FA00F9AB7D /* MICUiAccordionCellView.h */ = {isa = PBXFileReference; fileEncoding = 4; lastKnownFileType = sourcecode.c.h; path = MICUiAccordionCellView.h; sourceTree = "<group>"; };
		841AD7BD22EE93FA00F9AB7D /* MICUiSimpleStackLayoutView.m */ = {isa = PBXFileReference; fileEncoding = 4; lastKnownFileType = sourcecode.c.objc; path = MICUiSimpleStackLayoutView.m; sourceTree = "<group>"; };
		841AD7BE22EE93FA00F9AB7D /* MICUiRelativeLayout.h */ = {isa = PBXFileReference; fileEncoding = 4; lastKnownFileType = sourcecode.c.h; path = MICUiRelativeLayout.h; sourceTree = "<group>"; };
		841AD7BF22EE93FA00F9AB7D /* MICUiAccordionCellViewSwicherProc.h */ = {isa = PBXFileReference; fileEncoding = 4; lastKnownFileType = sourcecode.c.h; path = MICUiAccordionCellViewSwicherProc.h; sourceTree = "<group>"; };
		841AD7C022EE93FA00F9AB7D /* MICUiSwitchingViewMediator.m */ = {isa = PBXFileReference; fileEncoding = 4; lastKnownFileType = sourcecode.c.objc; path = MICUiSwitchingViewMediator.m; sourceTree = "<group>"; };
		841AD7C122EE93FA00F9AB7D /* readme.txt */ = {isa = PBXFileReference; fileEncoding = 4; lastKnownFileType = text; path = readme.txt; sourceTree = "<group>"; };
		841AD7C222EE93FA00F9AB7D /* MICUiVirtualView.mm */ = {isa = PBXFileReference; fileEncoding = 4; lastKnownFileType = sourcecode.cpp.objcpp; path = MICUiVirtualView.mm; sourceTree = "<group>"; };
		841AD7C322EE93FA00F9AB7D /* MICUiRelativeLayout.mm */ = {isa = PBXFileReference; fileEncoding = 4; lastKnownFileType = sourcecode.cpp.objcpp; path = MICUiRelativeLayout.mm; sourceTree = "<group>"; };
		841AD7C422EE93FA00F9AB7D /* MICUiGridLayout.h */ = {isa = PBXFileReference; fileEncoding = 4; lastKnownFileType = sourcecode.c.h; path = MICUiGridLayout.h; sourceTree = "<group>"; };
		841AD81E22F52AEE00F9AB7D /* WPLValueBinding.h */ = {isa = PBXFileReference; fileEncoding = 4; lastKnownFileType = sourcecode.c.h; path = WPLValueBinding.h; sourceTree = "<group>"; };
		841AD81F22F52AEE00F9AB7D /* WPLValueBinding.mm */ = {isa = PBXFileReference; fileEncoding = 4; lastKnownFileType = sourcecode.cpp.objcpp; path = WPLValueBinding.mm; sourceTree = "<group>"; };
		841AD82022F52AEE00F9AB7D /* WPLBoolStateBinding.h */ = {isa = PBXFileReference; fileEncoding = 4; lastKnownFileType = sourcecode.c.h; path = WPLBoolStateBinding.h; sourceTree = "<group>"; };
		841AD82122F52AEE00F9AB7D /* WPLBoolStateBinding.mm */ = {isa = PBXFileReference; fileEncoding = 4; lastKnownFileType = sourcecode.cpp.objcpp; path = WPLBoolStateBinding.mm; sourceTree = "<group>"; };
		841AD82222F52AEE00F9AB7D /* WPLBindingDef.h */ = {isa = PBXFileReference; fileEncoding = 4; lastKnownFileType = sourcecode.c.h; path = WPLBindingDef.h; sourceTree = "<group>"; };
		841AD82422F52AEE00F9AB7D /* WPLValueCell.h */ = {isa = PBXFileReference; fileEncoding = 4; lastKnownFileType = sourcecode.c.h; path = WPLValueCell.h; sourceTree = "<group>"; };
		841AD82522F52AEE00F9AB7D /* WPLTextCell.h */ = {isa = PBXFileReference; fileEncoding = 4; lastKnownFileType = sourcecode.c.h; path = WPLTextCell.h; sourceTree = "<group>"; };
		841AD82622F52AEE00F9AB7D /* WPLCell.mm */ = {isa = PBXFileReference; fileEncoding = 4; lastKnownFileType = sourcecode.cpp.objcpp; path = WPLCell.mm; sourceTree = "<group>"; };
		841AD82722F52AEE00F9AB7D /* WPLTextCell.mm */ = {isa = PBXFileReference; fileEncoding = 4; lastKnownFileType = sourcecode.cpp.objcpp; path = WPLTextCell.mm; sourceTree = "<group>"; };
		841AD82822F52AEE00F9AB7D /* WPLValueCell.mm */ = {isa = PBXFileReference; fileEncoding = 4; lastKnownFileType = sourcecode.cpp.objcpp; path = WPLValueCell.mm; sourceTree = "<group>"; };
		841AD82922F52AEE00F9AB7D /* WPLCellDef.h */ = {isa = PBXFileReference; fileEncoding = 4; lastKnownFileType = sourcecode.c.h; path = WPLCellDef.h; sourceTree = "<group>"; };
		841AD82A22F52AEE00F9AB7D /* WPLCell.h */ = {isa = PBXFileReference; fileEncoding = 4; lastKnownFileType = sourcecode.c.h; path = WPLCell.h; sourceTree = "<group>"; };
		841AD82C22F52AEE00F9AB7D /* WPLStackPanel.mm */ = {isa = PBXFileReference; fileEncoding = 4; lastKnownFileType = sourcecode.cpp.objcpp; path = WPLStackPanel.mm; sourceTree = "<group>"; };
		841AD82D22F52AEE00F9AB7D /* WPLContainerCell.mm */ = {isa = PBXFileReference; fileEncoding = 4; lastKnownFileType = sourcecode.cpp.objcpp; path = WPLContainerCell.mm; sourceTree = "<group>"; };
		841AD82E22F52AEE00F9AB7D /* WPLGrid.mm */ = {isa = PBXFileReference; fileEncoding = 4; lastKnownFileType = sourcecode.cpp.objcpp; path = WPLGrid.mm; sourceTree = "<group>"; };
		841AD82F22F52AEE00F9AB7D /* WPLContainerDef.h */ = {isa = PBXFileReference; fileEncoding = 4; lastKnownFileType = sourcecode.c.h; path = WPLContainerDef.h; sourceTree = "<group>"; };
		841AD83022F52AEE00F9AB7D /* WPLGrid.h */ = {isa = PBXFileReference; fileEncoding = 4; lastKnownFileType = sourcecode.c.h; path = WPLGrid.h; sourceTree = "<group>"; };
		841AD83122F52AEE00F9AB7D /* WPLStackPanel.h */ = {isa = PBXFileReference; fileEncoding = 4; lastKnownFileType = sourcecode.c.h; path = WPLStackPanel.h; sourceTree = "<group>"; };
		841AD83222F52AEE00F9AB7D /* WPLContainerCell.h */ = {isa = PBXFileReference; fileEncoding = 4; lastKnownFileType = sourcecode.c.h; path = WPLContainerCell.h; sourceTree = "<group>"; };
		841AD83422F52AEE00F9AB7D /* WPLObservableDef.h */ = {isa = PBXFileReference; fileEncoding = 4; lastKnownFileType = sourcecode.c.h; path = WPLObservableDef.h; sourceTree = "<group>"; };
		841AD83522F52AEE00F9AB7D /* WPLObservableData.mm */ = {isa = PBXFileReference; fileEncoding = 4; lastKnownFileType = sourcecode.cpp.objcpp; path = WPLObservableData.mm; sourceTree = "<group>"; };
		841AD83622F52AEE00F9AB7D /* WPLDelegatedObservableData.h */ = {isa = PBXFileReference; fileEncoding = 4; lastKnownFileType = sourcecode.c.h; path = WPLDelegatedObservableData.h; sourceTree = "<group>"; };
		841AD83722F52AEE00F9AB7D /* WPLObservableMutableData.mm */ = {isa = PBXFileReference; fileEncoding = 4; lastKnownFileType = sourcecode.cpp.objcpp; path = WPLObservableMutableData.mm; sourceTree = "<group>"; };
		841AD83822F52AEE00F9AB7D /* WPLDelegatedObservableData.mm */ = {isa = PBXFileReference; fileEncoding = 4; lastKnownFileType = sourcecode.cpp.objcpp; path = WPLDelegatedObservableData.mm; sourceTree = "<group>"; };
		841AD83922F52AEE00F9AB7D /* WPLObservableData.h */ = {isa = PBXFileReference; fileEncoding = 4; lastKnownFileType = sourcecode.c.h; path = WPLObservableData.h; sourceTree = "<group>"; };
		841AD83A22F52AEE00F9AB7D /* WPLObservableMutableData.h */ = {isa = PBXFileReference; fileEncoding = 4; lastKnownFileType = sourcecode.c.h; path = WPLObservableMutableData.h; sourceTree = "<group>"; };
		841AD84B22F5B09C00F9AB7D /* WPLSampleView.h */ = {isa = PBXFileReference; lastKnownFileType = sourcecode.c.h; path = WPLSampleView.h; sourceTree = "<group>"; };
		841AD84C22F5B09C00F9AB7D /* WPLSampleView.mm */ = {isa = PBXFileReference; lastKnownFileType = sourcecode.cpp.objcpp; path = WPLSampleView.mm; sourceTree = "<group>"; };
		841AD84E22F6611900F9AB7D /* WPLSwitchCell.h */ = {isa = PBXFileReference; lastKnownFileType = sourcecode.c.h; path = WPLSwitchCell.h; sourceTree = "<group>"; };
		841AD84F22F6611900F9AB7D /* WPLSwitchCell.m */ = {isa = PBXFileReference; lastKnownFileType = sourcecode.c.objc; path = WPLSwitchCell.m; sourceTree = "<group>"; };
		841AD85122F6722C00F9AB7D /* WPLBinder.h */ = {isa = PBXFileReference; lastKnownFileType = sourcecode.c.h; path = WPLBinder.h; sourceTree = "<group>"; };
		841AD85222F6722C00F9AB7D /* WPLBinder.mm */ = {isa = PBXFileReference; lastKnownFileType = sourcecode.cpp.objcpp; path = WPLBinder.mm; sourceTree = "<group>"; };
		841AD85422F7BD7D00F9AB7D /* WPLGenericBinding.h */ = {isa = PBXFileReference; lastKnownFileType = sourcecode.c.h; path = WPLGenericBinding.h; sourceTree = "<group>"; };
		841AD85522F7BD7D00F9AB7D /* WPLGenericBinding.m */ = {isa = PBXFileReference; lastKnownFileType = sourcecode.c.objc; path = WPLGenericBinding.m; sourceTree = "<group>"; };
		841AD85722F8104C00F9AB7D /* WPLGridSampleViewController.h */ = {isa = PBXFileReference; lastKnownFileType = sourcecode.c.h; path = WPLGridSampleViewController.h; sourceTree = "<group>"; };
		841AD85822F8104C00F9AB7D /* WPLGridSampleViewController.mm */ = {isa = PBXFileReference; lastKnownFileType = sourcecode.cpp.objcpp; path = WPLGridSampleViewController.mm; sourceTree = "<group>"; };
		841AD85A22FA629F00F9AB7D /* WPLContainersL.h */ = {isa = PBXFileReference; lastKnownFileType = sourcecode.c.h; path = WPLContainersL.h; sourceTree = "<group>"; };
		841AD85B22FB203700F9AB7D /* bindingTests.mm */ = {isa = PBXFileReference; lastKnownFileType = sourcecode.cpp.objcpp; path = bindingTests.mm; sourceTree = "<group>"; };
		841AD86022FC0F8D00F9AB7D /* WPLHostViewController.h */ = {isa = PBXFileReference; lastKnownFileType = sourcecode.c.h; path = WPLHostViewController.h; sourceTree = "<group>"; };
		841AD86122FC0F8D00F9AB7D /* WPLHostViewController.mm */ = {isa = PBXFileReference; lastKnownFileType = sourcecode.cpp.objcpp; path = WPLHostViewController.mm; sourceTree = "<group>"; };
		841AD86322FC5C4100F9AB7D /* WPLFrame.h */ = {isa = PBXFileReference; lastKnownFileType = sourcecode.c.h; path = WPLFrame.h; sourceTree = "<group>"; };
		841AD86422FC5C4100F9AB7D /* WPLFrame.mm */ = {isa = PBXFileReference; lastKnownFileType = sourcecode.cpp.objcpp; path = WPLFrame.mm; sourceTree = "<group>"; };
		841AD86722FD513C00F9AB7D /* WPLCellHostingView.h */ = {isa = PBXFileReference; fileEncoding = 4; lastKnownFileType = sourcecode.c.h; path = WPLCellHostingView.h; sourceTree = "<group>"; };
		841AD86822FD513C00F9AB7D /* WPLCellHostingView.mm */ = {isa = PBXFileReference; fileEncoding = 4; lastKnownFileType = sourcecode.cpp.objcpp; path = WPLCellHostingView.mm; sourceTree = "<group>"; };
		841AD86D22FD684D00F9AB7D /* WPLFrameView.h */ = {isa = PBXFileReference; lastKnownFileType = sourcecode.c.h; path = WPLFrameView.h; sourceTree = "<group>"; };
		841AD86E22FD684D00F9AB7D /* WPLFrameView.mm */ = {isa = PBXFileReference; lastKnownFileType = sourcecode.cpp.objcpp; path = WPLFrameView.mm; sourceTree = "<group>"; };
		841AD87022FD6B8D00F9AB7D /* WPLGridView.h */ = {isa = PBXFileReference; lastKnownFileType = sourcecode.c.h; path = WPLGridView.h; sourceTree = "<group>"; };
		841AD87122FD6B8D00F9AB7D /* WPLGridView.mm */ = {isa = PBXFileReference; lastKnownFileType = sourcecode.cpp.objcpp; path = WPLGridView.mm; sourceTree = "<group>"; };
		841AD87322FD6DA300F9AB7D /* WPLStackPanelView.h */ = {isa = PBXFileReference; lastKnownFileType = sourcecode.c.h; path = WPLStackPanelView.h; sourceTree = "<group>"; };
		841AD87422FD6DA300F9AB7D /* WPLStackPanelView.mm */ = {isa = PBXFileReference; lastKnownFileType = sourcecode.cpp.objcpp; path = WPLStackPanelView.mm; sourceTree = "<group>"; };
		841AD87622FD824F00F9AB7D /* MICLayoutConstraint.h */ = {isa = PBXFileReference; lastKnownFileType = sourcecode.c.h; path = MICLayoutConstraint.h; sourceTree = "<group>"; };
		841AD87722FD827500F9AB7D /* MICLayoutConstraint.mm */ = {isa = PBXFileReference; lastKnownFileType = sourcecode.cpp.objcpp; path = MICLayoutConstraint.mm; sourceTree = "<group>"; };
/* End PBXFileReference section */

/* Begin PBXFrameworksBuildPhase section */
		841AD72E22EE93AD00F9AB7D /* Frameworks */ = {
			isa = PBXFrameworksBuildPhase;
			buildActionMask = 2147483647;
			files = (
			);
			runOnlyForDeploymentPostprocessing = 0;
		};
		841AD74622EE93AE00F9AB7D /* Frameworks */ = {
			isa = PBXFrameworksBuildPhase;
			buildActionMask = 2147483647;
			files = (
			);
			runOnlyForDeploymentPostprocessing = 0;
		};
		841AD75122EE93AE00F9AB7D /* Frameworks */ = {
			isa = PBXFrameworksBuildPhase;
			buildActionMask = 2147483647;
			files = (
			);
			runOnlyForDeploymentPostprocessing = 0;
		};
/* End PBXFrameworksBuildPhase section */

/* Begin PBXGroup section */
		841AD72822EE93AD00F9AB7D = {
			isa = PBXGroup;
			children = (
				841AD76622EE93FA00F9AB7D /* layouter */,
				841AD73322EE93AD00F9AB7D /* layouterSample */,
				841AD74C22EE93AE00F9AB7D /* layouterSampleTests */,
				841AD75722EE93AE00F9AB7D /* layouterSampleUITests */,
				841AD73222EE93AD00F9AB7D /* Products */,
			);
			sourceTree = "<group>";
		};
		841AD73222EE93AD00F9AB7D /* Products */ = {
			isa = PBXGroup;
			children = (
				841AD73122EE93AD00F9AB7D /* layouterSample.app */,
				841AD74922EE93AE00F9AB7D /* layouterSampleTests.xctest */,
				841AD75422EE93AE00F9AB7D /* layouterSampleUITests.xctest */,
			);
			name = Products;
			sourceTree = "<group>";
		};
		841AD73322EE93AD00F9AB7D /* layouterSample */ = {
			isa = PBXGroup;
			children = (
				841AD73422EE93AD00F9AB7D /* AppDelegate.h */,
				841AD73522EE93AD00F9AB7D /* AppDelegate.m */,
				841AD73722EE93AD00F9AB7D /* ViewController.h */,
				841AD73822EE93AD00F9AB7D /* ViewController.mm */,
				841AD73A22EE93AD00F9AB7D /* Main.storyboard */,
				841AD73D22EE93AE00F9AB7D /* Assets.xcassets */,
				841AD73F22EE93AE00F9AB7D /* LaunchScreen.storyboard */,
				841AD74222EE93AE00F9AB7D /* Info.plist */,
				841AD74322EE93AE00F9AB7D /* main.m */,
				841AD84B22F5B09C00F9AB7D /* WPLSampleView.h */,
				841AD84C22F5B09C00F9AB7D /* WPLSampleView.mm */,
				841AD85722F8104C00F9AB7D /* WPLGridSampleViewController.h */,
				841AD85822F8104C00F9AB7D /* WPLGridSampleViewController.mm */,
				841AD86022FC0F8D00F9AB7D /* WPLHostViewController.h */,
				841AD86122FC0F8D00F9AB7D /* WPLHostViewController.mm */,
			);
			path = layouterSample;
			sourceTree = "<group>";
		};
		841AD74C22EE93AE00F9AB7D /* layouterSampleTests */ = {
			isa = PBXGroup;
			children = (
				841AD74D22EE93AE00F9AB7D /* layouterSampleTests.m */,
				841AD74F22EE93AE00F9AB7D /* Info.plist */,
				841AD85B22FB203700F9AB7D /* bindingTests.mm */,
			);
			path = layouterSampleTests;
			sourceTree = "<group>";
		};
		841AD75722EE93AE00F9AB7D /* layouterSampleUITests */ = {
			isa = PBXGroup;
			children = (
				841AD75822EE93AE00F9AB7D /* layouterSampleUITests.m */,
				841AD75A22EE93AE00F9AB7D /* Info.plist */,
			);
			path = layouterSampleUITests;
			sourceTree = "<group>";
		};
		841AD76622EE93FA00F9AB7D /* layouter */ = {
			isa = PBXGroup;
			children = (
				841AD81C22F52AEE00F9AB7D /* wpl */,
				841AD76822EE93FA00F9AB7D /* ut */,
				841AD79522EE93FA00F9AB7D /* dd */,
				841AD7A022EE93FA00F9AB7D /* view */,
				841AD79E22EE93FA00F9AB7D /* MICUiLayout.h */,
				841AD79122EE93FA00F9AB7D /* MICUiBaseLayout.h */,
				841AD79F22EE93FA00F9AB7D /* MICUiBaseLayout.m */,
				841AD76722EE93FA00F9AB7D /* MICUiStackLayout.h */,
				841AD78F22EE93FA00F9AB7D /* MICUiStackLayout.mm */,
				841AD7BE22EE93FA00F9AB7D /* MICUiRelativeLayout.h */,
				841AD7C322EE93FA00F9AB7D /* MICUiRelativeLayout.mm */,
				841AD7C422EE93FA00F9AB7D /* MICUiGridLayout.h */,
				841AD79322EE93FA00F9AB7D /* MICUiGridLayout.mm */,
				841AD79222EE93FA00F9AB7D /* MICUiVirtualView.h */,
				841AD7C222EE93FA00F9AB7D /* MICUiVirtualView.mm */,
				841AD7BF22EE93FA00F9AB7D /* MICUiAccordionCellViewSwicherProc.h */,
				841AD79022EE93FA00F9AB7D /* MICUiAccordionCellViewSwicherProc.m */,
				841AD78E22EE93FA00F9AB7D /* MICUiSwitchingViewMediator.h */,
				841AD7C022EE93FA00F9AB7D /* MICUiSwitchingViewMediator.m */,
				841AD7C122EE93FA00F9AB7D /* readme.txt */,
				841AD79422EE93FA00F9AB7D /* layouter.md */,
			);
			name = layouter;
			path = ../layouter;
			sourceTree = "<group>";
		};
		841AD76822EE93FA00F9AB7D /* ut */ = {
			isa = PBXGroup;
			children = (
				841AD76922EE93FA00F9AB7D /* MICUiColorUtil.h */,
				841AD77B22EE93FA00F9AB7D /* MICAcom.h */,
				841AD76A22EE93FA00F9AB7D /* MICAcom.m */,
				841AD77222EE93FA00F9AB7D /* MICAsync.h */,
				841AD78722EE93FA00F9AB7D /* MICAsync.m */,
				841AD77F22EE93FA00F9AB7D /* MICExecutor.h */,
				841AD77622EE93FA00F9AB7D /* MICExecutor.m */,
				841AD76B22EE93FA00F9AB7D /* MICObservers.h */,
				841AD77E22EE93FA00F9AB7D /* MICObservers.m */,
				841AD76C22EE93FA00F9AB7D /* MICQueue.h */,
				841AD77D22EE93FA00F9AB7D /* MICQueue.m */,
				841AD78922EE93FA00F9AB7D /* MICResetableEvent.h */,
				841AD76F22EE93FA00F9AB7D /* MICResetableEvent.m */,
				841AD78822EE93FA00F9AB7D /* MICTargetSelector.h */,
				841AD77022EE93FA00F9AB7D /* MICTargetSelector.m */,
				841AD78522EE93FA00F9AB7D /* MICImageUtil.h */,
				841AD77122EE93FA00F9AB7D /* MICImageUtil.mm */,
				841AD78422EE93FA00F9AB7D /* MICPathRepository.h */,
				841AD77322EE93FA00F9AB7D /* MICPathRepository.m */,
				841AD77422EE93FA00F9AB7D /* MICSvgPath.h */,
				841AD78122EE93FA00F9AB7D /* MICSvgPath.mm */,
				841AD77522EE93FA00F9AB7D /* MICDelegates.h */,
				841AD78022EE93FA00F9AB7D /* MICDelegates.m */,
				841AD77722EE93FA00F9AB7D /* MICMatrix.h */,
				841AD78D22EE93FA00F9AB7D /* MICMatrix.m */,
				841AD77822EE93FA00F9AB7D /* MICTree.h */,
				841AD78C22EE93FA00F9AB7D /* MICTree.m */,
				841AD77922EE93FA00F9AB7D /* MICSortedArray.h */,
				841AD78A22EE93FA00F9AB7D /* MICSortedArray.mm */,
				841AD77A22EE93FA00F9AB7D /* MICArray.h */,
				841AD78B22EE93FA00F9AB7D /* MICArray.m */,
				841AD78222EE93FA00F9AB7D /* MICVar.h */,
				841AD78622EE93FA00F9AB7D /* MICUiRectUtil.h */,
				841AD76D22EE93FA00F9AB7D /* MICDicUtil.h */,
				841AD76E22EE93FA00F9AB7D /* MICStringUtil.h */,
				841AD77C22EE93FA00F9AB7D /* MICCGContext.h */,
				841AD78322EE93FA00F9AB7D /* MICSpan.h */,
				841AD87622FD824F00F9AB7D /* MICLayoutConstraint.h */,
				841AD87722FD827500F9AB7D /* MICLayoutConstraint.mm */,
			);
			path = ut;
			sourceTree = "<group>";
		};
		841AD79522EE93FA00F9AB7D /* dd */ = {
			isa = PBXGroup;
			children = (
				841AD79922EE93FA00F9AB7D /* MICUiCellDragHandler.h */,
				841AD79D22EE93FA00F9AB7D /* MICUiCellDragHandler.m */,
				841AD79A22EE93FA00F9AB7D /* MICUiCellDragSupport.h */,
				841AD79822EE93FA00F9AB7D /* MICUiCellDragSupport.mm */,
				841AD79C22EE93FA00F9AB7D /* MICUiCellDragSupportEx.h */,
				841AD79722EE93FA00F9AB7D /* MICUiCellDragSupportEx.mm */,
				841AD79622EE93FA00F9AB7D /* MICUiDragView.h */,
				841AD79B22EE93FA00F9AB7D /* MICUiDragView.m */,
			);
			path = dd;
			sourceTree = "<group>";
		};
		841AD7A022EE93FA00F9AB7D /* view */ = {
			isa = PBXGroup;
			children = (
				841AD7A622EE93FA00F9AB7D /* designed */,
				841AD7BB22EE93FA00F9AB7D /* MICUiLayoutView.h */,
				841AD7B522EE93FA00F9AB7D /* MICUiLayoutView.m */,
				841AD7A222EE93FA00F9AB7D /* MICUiStackView.h */,
				841AD7B722EE93FA00F9AB7D /* MICUiStackView.m */,
				841AD7B622EE93FA00F9AB7D /* MICUiGridView.h */,
				841AD7A322EE93FA00F9AB7D /* MICUiGridView.m */,
				841AD7B422EE93FA00F9AB7D /* MICUiSimpleLayoutView.h */,
				841AD7B922EE93FA00F9AB7D /* MICUiSimpleLayoutView.mm */,
				841AD7B322EE93FA00F9AB7D /* MICUiSimpleStackLayoutView.h */,
				841AD7BD22EE93FA00F9AB7D /* MICUiSimpleStackLayoutView.m */,
				841AD7A522EE93FA00F9AB7D /* MICUiAccordionView.h */,
				841AD7B822EE93FA00F9AB7D /* MICUiAccordionView.mm */,
				841AD7BC22EE93FA00F9AB7D /* MICUiAccordionCellView.h */,
				841AD7BA22EE93FA00F9AB7D /* MICUiAccordionCellView.mm */,
				841AD7A422EE93FA00F9AB7D /* MICUiTabBarView.h */,
				841AD7A122EE93FA00F9AB7D /* MICUiTabBarView.mm */,
			);
			path = view;
			sourceTree = "<group>";
		};
		841AD7A622EE93FA00F9AB7D /* designed */ = {
			isa = PBXGroup;
			children = (
				841AD7A922EE93FA00F9AB7D /* MICUiDsDefaults.h */,
				841AD7B022EE93FA00F9AB7D /* MICUiDsDefaults.m */,
				841AD7AF22EE93FA00F9AB7D /* MICUiDsCustomButton.h */,
				841AD7A722EE93FA00F9AB7D /* MICUiDsCustomButton.mm */,
				841AD7A822EE93FA00F9AB7D /* MICUiDsSvgIconButton.h */,
				841AD7AA22EE93FA00F9AB7D /* MICUiDsSvgIconButton.mm */,
				841AD7AB22EE93FA00F9AB7D /* MICUiStatefulResource.h */,
				841AD7B122EE93FA00F9AB7D /* MICUiStatefulResource.m */,
				841AD7AD22EE93FA00F9AB7D /* MICUiDsTabButton.h */,
				841AD7AE22EE93FA00F9AB7D /* MICUiDsTabButton.mm */,
				841AD7AC22EE93FA00F9AB7D /* MICUiDsTabView.h */,
				841AD7B222EE93FA00F9AB7D /* MICUiDsTabView.mm */,
			);
			path = designed;
			sourceTree = "<group>";
		};
		841AD81C22F52AEE00F9AB7D /* wpl */ = {
			isa = PBXGroup;
			children = (
				841AD81D22F52AEE00F9AB7D /* binding */,
				841AD82322F52AEE00F9AB7D /* cell */,
				841AD82B22F52AEE00F9AB7D /* container */,
				841AD83322F52AEE00F9AB7D /* observable */,
			);
			path = wpl;
			sourceTree = "<group>";
		};
		841AD81D22F52AEE00F9AB7D /* binding */ = {
			isa = PBXGroup;
			children = (
				841AD82222F52AEE00F9AB7D /* WPLBindingDef.h */,
				841AD85422F7BD7D00F9AB7D /* WPLGenericBinding.h */,
				841AD85522F7BD7D00F9AB7D /* WPLGenericBinding.m */,
				841AD81E22F52AEE00F9AB7D /* WPLValueBinding.h */,
				841AD81F22F52AEE00F9AB7D /* WPLValueBinding.mm */,
				841AD82022F52AEE00F9AB7D /* WPLBoolStateBinding.h */,
				841AD82122F52AEE00F9AB7D /* WPLBoolStateBinding.mm */,
				841AD85122F6722C00F9AB7D /* WPLBinder.h */,
				841AD85222F6722C00F9AB7D /* WPLBinder.mm */,
			);
			path = binding;
			sourceTree = "<group>";
		};
		841AD82322F52AEE00F9AB7D /* cell */ = {
			isa = PBXGroup;
			children = (
				841AD82922F52AEE00F9AB7D /* WPLCellDef.h */,
				841AD82A22F52AEE00F9AB7D /* WPLCell.h */,
				841AD82622F52AEE00F9AB7D /* WPLCell.mm */,
				841AD82422F52AEE00F9AB7D /* WPLValueCell.h */,
				841AD82822F52AEE00F9AB7D /* WPLValueCell.mm */,
				841AD82522F52AEE00F9AB7D /* WPLTextCell.h */,
				841AD82722F52AEE00F9AB7D /* WPLTextCell.mm */,
				841AD84E22F6611900F9AB7D /* WPLSwitchCell.h */,
				841AD84F22F6611900F9AB7D /* WPLSwitchCell.m */,
			);
			path = cell;
			sourceTree = "<group>";
		};
		841AD82B22F52AEE00F9AB7D /* container */ = {
			isa = PBXGroup;
			children = (
				841AD86622FD4EA200F9AB7D /* view */,
				841AD82F22F52AEE00F9AB7D /* WPLContainerDef.h */,
				841AD85A22FA629F00F9AB7D /* WPLContainersL.h */,
				841AD83222F52AEE00F9AB7D /* WPLContainerCell.h */,
				841AD82D22F52AEE00F9AB7D /* WPLContainerCell.mm */,
				841AD83122F52AEE00F9AB7D /* WPLStackPanel.h */,
				841AD82C22F52AEE00F9AB7D /* WPLStackPanel.mm */,
				841AD86322FC5C4100F9AB7D /* WPLFrame.h */,
				841AD86422FC5C4100F9AB7D /* WPLFrame.mm */,
				841AD83022F52AEE00F9AB7D /* WPLGrid.h */,
				841AD82E22F52AEE00F9AB7D /* WPLGrid.mm */,
			);
			path = container;
			sourceTree = "<group>";
		};
		841AD83322F52AEE00F9AB7D /* observable */ = {
			isa = PBXGroup;
			children = (
				841AD83422F52AEE00F9AB7D /* WPLObservableDef.h */,
				841AD83922F52AEE00F9AB7D /* WPLObservableData.h */,
				841AD83522F52AEE00F9AB7D /* WPLObservableData.mm */,
				841AD83A22F52AEE00F9AB7D /* WPLObservableMutableData.h */,
				841AD83722F52AEE00F9AB7D /* WPLObservableMutableData.mm */,
				841AD83622F52AEE00F9AB7D /* WPLDelegatedObservableData.h */,
				841AD83822F52AEE00F9AB7D /* WPLDelegatedObservableData.mm */,
			);
			path = observable;
			sourceTree = "<group>";
		};
		841AD86622FD4EA200F9AB7D /* view */ = {
			isa = PBXGroup;
			children = (
				841AD86722FD513C00F9AB7D /* WPLCellHostingView.h */,
				841AD86822FD513C00F9AB7D /* WPLCellHostingView.mm */,
				841AD86D22FD684D00F9AB7D /* WPLFrameView.h */,
				841AD86E22FD684D00F9AB7D /* WPLFrameView.mm */,
				841AD87022FD6B8D00F9AB7D /* WPLGridView.h */,
				841AD87122FD6B8D00F9AB7D /* WPLGridView.mm */,
				841AD87322FD6DA300F9AB7D /* WPLStackPanelView.h */,
				841AD87422FD6DA300F9AB7D /* WPLStackPanelView.mm */,
			);
			path = view;
			sourceTree = "<group>";
		};
/* End PBXGroup section */

/* Begin PBXNativeTarget section */
		841AD73022EE93AD00F9AB7D /* layouterSample */ = {
			isa = PBXNativeTarget;
			buildConfigurationList = 841AD75D22EE93AE00F9AB7D /* Build configuration list for PBXNativeTarget "layouterSample" */;
			buildPhases = (
				841AD72D22EE93AD00F9AB7D /* Sources */,
				841AD72E22EE93AD00F9AB7D /* Frameworks */,
				841AD72F22EE93AD00F9AB7D /* Resources */,
			);
			buildRules = (
			);
			dependencies = (
			);
			name = layouterSample;
			productName = layouterSample;
			productReference = 841AD73122EE93AD00F9AB7D /* layouterSample.app */;
			productType = "com.apple.product-type.application";
		};
		841AD74822EE93AE00F9AB7D /* layouterSampleTests */ = {
			isa = PBXNativeTarget;
			buildConfigurationList = 841AD76022EE93AE00F9AB7D /* Build configuration list for PBXNativeTarget "layouterSampleTests" */;
			buildPhases = (
				841AD74522EE93AE00F9AB7D /* Sources */,
				841AD74622EE93AE00F9AB7D /* Frameworks */,
				841AD74722EE93AE00F9AB7D /* Resources */,
			);
			buildRules = (
			);
			dependencies = (
				841AD74B22EE93AE00F9AB7D /* PBXTargetDependency */,
			);
			name = layouterSampleTests;
			productName = layouterSampleTests;
			productReference = 841AD74922EE93AE00F9AB7D /* layouterSampleTests.xctest */;
			productType = "com.apple.product-type.bundle.unit-test";
		};
		841AD75322EE93AE00F9AB7D /* layouterSampleUITests */ = {
			isa = PBXNativeTarget;
			buildConfigurationList = 841AD76322EE93AE00F9AB7D /* Build configuration list for PBXNativeTarget "layouterSampleUITests" */;
			buildPhases = (
				841AD75022EE93AE00F9AB7D /* Sources */,
				841AD75122EE93AE00F9AB7D /* Frameworks */,
				841AD75222EE93AE00F9AB7D /* Resources */,
			);
			buildRules = (
			);
			dependencies = (
				841AD75622EE93AE00F9AB7D /* PBXTargetDependency */,
			);
			name = layouterSampleUITests;
			productName = layouterSampleUITests;
			productReference = 841AD75422EE93AE00F9AB7D /* layouterSampleUITests.xctest */;
			productType = "com.apple.product-type.bundle.ui-testing";
		};
/* End PBXNativeTarget section */

/* Begin PBXProject section */
		841AD72922EE93AD00F9AB7D /* Project object */ = {
			isa = PBXProject;
			attributes = {
				LastUpgradeCheck = 1020;
				ORGANIZATIONNAME = "Mitsuki Toyota";
				TargetAttributes = {
					841AD73022EE93AD00F9AB7D = {
						CreatedOnToolsVersion = 10.2.1;
					};
					841AD74822EE93AE00F9AB7D = {
						CreatedOnToolsVersion = 10.2.1;
						TestTargetID = 841AD73022EE93AD00F9AB7D;
					};
					841AD75322EE93AE00F9AB7D = {
						CreatedOnToolsVersion = 10.2.1;
						TestTargetID = 841AD73022EE93AD00F9AB7D;
					};
				};
			};
			buildConfigurationList = 841AD72C22EE93AD00F9AB7D /* Build configuration list for PBXProject "layouterSample" */;
			compatibilityVersion = "Xcode 9.3";
			developmentRegion = en;
			hasScannedForEncodings = 0;
			knownRegions = (
				en,
				Base,
			);
			mainGroup = 841AD72822EE93AD00F9AB7D;
			productRefGroup = 841AD73222EE93AD00F9AB7D /* Products */;
			projectDirPath = "";
			projectRoot = "";
			targets = (
				841AD73022EE93AD00F9AB7D /* layouterSample */,
				841AD74822EE93AE00F9AB7D /* layouterSampleTests */,
				841AD75322EE93AE00F9AB7D /* layouterSampleUITests */,
			);
		};
/* End PBXProject section */

/* Begin PBXResourcesBuildPhase section */
		841AD72F22EE93AD00F9AB7D /* Resources */ = {
			isa = PBXResourcesBuildPhase;
			buildActionMask = 2147483647;
			files = (
				841AD7EC22EE93FA00F9AB7D /* readme.txt in Resources */,
				841AD74122EE93AE00F9AB7D /* LaunchScreen.storyboard in Resources */,
				841AD73E22EE93AE00F9AB7D /* Assets.xcassets in Resources */,
				841AD73C22EE93AD00F9AB7D /* Main.storyboard in Resources */,
				841AD7D722EE93FA00F9AB7D /* layouter.md in Resources */,
			);
			runOnlyForDeploymentPostprocessing = 0;
		};
		841AD74722EE93AE00F9AB7D /* Resources */ = {
			isa = PBXResourcesBuildPhase;
			buildActionMask = 2147483647;
			files = (
			);
			runOnlyForDeploymentPostprocessing = 0;
		};
		841AD75222EE93AE00F9AB7D /* Resources */ = {
			isa = PBXResourcesBuildPhase;
			buildActionMask = 2147483647;
			files = (
			);
			runOnlyForDeploymentPostprocessing = 0;
		};
/* End PBXResourcesBuildPhase section */

/* Begin PBXSourcesBuildPhase section */
		841AD72D22EE93AD00F9AB7D /* Sources */ = {
			isa = PBXSourcesBuildPhase;
			buildActionMask = 2147483647;
			files = (
				841AD7EB22EE93FA00F9AB7D /* MICUiSwitchingViewMediator.m in Sources */,
				841AD7D822EE93FA00F9AB7D /* MICUiCellDragSupportEx.mm in Sources */,
				841AD87922FD827500F9AB7D /* MICLayoutConstraint.mm in Sources */,
				841AD7D622EE93FA00F9AB7D /* MICUiGridLayout.mm in Sources */,
				841AD7E722EE93FA00F9AB7D /* MICUiAccordionView.mm in Sources */,
				841AD86522FC5C4100F9AB7D /* WPLFrame.mm in Sources */,
				841AD7CC22EE93FA00F9AB7D /* MICObservers.m in Sources */,
				841AD7E122EE93FA00F9AB7D /* MICUiDsTabButton.mm in Sources */,
				841AD73922EE93AD00F9AB7D /* ViewController.mm in Sources */,
				841AD85322F6722C00F9AB7D /* WPLBinder.mm in Sources */,
				841AD85022F6611900F9AB7D /* WPLSwitchCell.m in Sources */,
				841AD84D22F5B09C00F9AB7D /* WPLSampleView.mm in Sources */,
				841AD7DF22EE93FA00F9AB7D /* MICUiDsCustomButton.mm in Sources */,
				841AD83E22F52AEE00F9AB7D /* WPLTextCell.mm in Sources */,
				841AD84022F52AEE00F9AB7D /* WPLStackPanel.mm in Sources */,
				841AD7C722EE93FA00F9AB7D /* MICTargetSelector.m in Sources */,
				841AD7C822EE93FA00F9AB7D /* MICImageUtil.mm in Sources */,
				841AD86222FC0F8D00F9AB7D /* WPLHostViewController.mm in Sources */,
				841AD7DC22EE93FA00F9AB7D /* MICUiBaseLayout.m in Sources */,
				841AD7D022EE93FA00F9AB7D /* MICSortedArray.mm in Sources */,
				841AD7C522EE93FA00F9AB7D /* MICAcom.m in Sources */,
				841AD7D422EE93FA00F9AB7D /* MICUiStackLayout.mm in Sources */,
				841AD7ED22EE93FA00F9AB7D /* MICUiVirtualView.mm in Sources */,
				841AD7DE22EE93FA00F9AB7D /* MICUiGridView.m in Sources */,
				841AD7D922EE93FA00F9AB7D /* MICUiCellDragSupport.mm in Sources */,
				841AD83B22F52AEE00F9AB7D /* WPLValueBinding.mm in Sources */,
				841AD7DD22EE93FA00F9AB7D /* MICUiTabBarView.mm in Sources */,
				841AD84122F52AEE00F9AB7D /* WPLContainerCell.mm in Sources */,
				841AD7E622EE93FA00F9AB7D /* MICUiStackView.m in Sources */,
				841AD7E422EE93FA00F9AB7D /* MICUiDsTabView.mm in Sources */,
				841AD83D22F52AEE00F9AB7D /* WPLCell.mm in Sources */,
				841AD7E922EE93FA00F9AB7D /* MICUiAccordionCellView.mm in Sources */,
				841AD7DA22EE93FA00F9AB7D /* MICUiDragView.m in Sources */,
				841AD7D522EE93FA00F9AB7D /* MICUiAccordionCellViewSwicherProc.m in Sources */,
				841AD84522F52AEE00F9AB7D /* WPLDelegatedObservableData.mm in Sources */,
				841AD7C922EE93FA00F9AB7D /* MICPathRepository.m in Sources */,
				841AD7E222EE93FA00F9AB7D /* MICUiDsDefaults.m in Sources */,
				841AD83C22F52AEE00F9AB7D /* WPLBoolStateBinding.mm in Sources */,
				841AD7CF22EE93FA00F9AB7D /* MICAsync.m in Sources */,
				841AD7D322EE93FA00F9AB7D /* MICMatrix.m in Sources */,
				841AD7E322EE93FA00F9AB7D /* MICUiStatefulResource.m in Sources */,
				841AD85922F8104C00F9AB7D /* WPLGridSampleViewController.mm in Sources */,
				841AD7CB22EE93FA00F9AB7D /* MICQueue.m in Sources */,
				841AD7E822EE93FA00F9AB7D /* MICUiSimpleLayoutView.mm in Sources */,
				841AD74422EE93AE00F9AB7D /* main.m in Sources */,
				841AD7CD22EE93FA00F9AB7D /* MICDelegates.m in Sources */,
				841AD7D222EE93FA00F9AB7D /* MICTree.m in Sources */,
				841AD7EA22EE93FA00F9AB7D /* MICUiSimpleStackLayoutView.m in Sources */,
				841AD84422F52AEE00F9AB7D /* WPLObservableMutableData.mm in Sources */,
				841AD7CE22EE93FA00F9AB7D /* MICSvgPath.mm in Sources */,
				841AD85622F7BD7D00F9AB7D /* WPLGenericBinding.m in Sources */,
				841AD83F22F52AEE00F9AB7D /* WPLValueCell.mm in Sources */,
				841AD7E022EE93FA00F9AB7D /* MICUiDsSvgIconButton.mm in Sources */,
				841AD7E522EE93FA00F9AB7D /* MICUiLayoutView.m in Sources */,
				841AD86922FD513C00F9AB7D /* WPLCellHostingView.mm in Sources */,
				841AD87522FD6DA300F9AB7D /* WPLStackPanelView.mm in Sources */,
				841AD7EE22EE93FA00F9AB7D /* MICUiRelativeLayout.mm in Sources */,
				841AD73622EE93AD00F9AB7D /* AppDelegate.m in Sources */,
				841AD84322F52AEE00F9AB7D /* WPLObservableData.mm in Sources */,
				841AD7D122EE93FA00F9AB7D /* MICArray.m in Sources */,
				841AD7DB22EE93FA00F9AB7D /* MICUiCellDragHandler.m in Sources */,
				841AD7C622EE93FA00F9AB7D /* MICResetableEvent.m in Sources */,
				841AD87222FD6B8D00F9AB7D /* WPLGridView.mm in Sources */,
				841AD86F22FD684D00F9AB7D /* WPLFrameView.mm in Sources */,
				841AD7CA22EE93FA00F9AB7D /* MICExecutor.m in Sources */,
				841AD84222F52AEE00F9AB7D /* WPLGrid.mm in Sources */,
			);
			runOnlyForDeploymentPostprocessing = 0;
		};
		841AD74522EE93AE00F9AB7D /* Sources */ = {
			isa = PBXSourcesBuildPhase;
			buildActionMask = 2147483647;
			files = (
				841AD84A22F53C4E00F9AB7D /* layouterSampleTests.m in Sources */,
				841AD85C22FB203700F9AB7D /* bindingTests.mm in Sources */,
			);
			runOnlyForDeploymentPostprocessing = 0;
		};
		841AD75022EE93AE00F9AB7D /* Sources */ = {
			isa = PBXSourcesBuildPhase;
			buildActionMask = 2147483647;
			files = (
				841AD75922EE93AE00F9AB7D /* layouterSampleUITests.m in Sources */,
			);
			runOnlyForDeploymentPostprocessing = 0;
		};
/* End PBXSourcesBuildPhase section */

/* Begin PBXTargetDependency section */
		841AD74B22EE93AE00F9AB7D /* PBXTargetDependency */ = {
			isa = PBXTargetDependency;
			target = 841AD73022EE93AD00F9AB7D /* layouterSample */;
			targetProxy = 841AD74A22EE93AE00F9AB7D /* PBXContainerItemProxy */;
		};
		841AD75622EE93AE00F9AB7D /* PBXTargetDependency */ = {
			isa = PBXTargetDependency;
			target = 841AD73022EE93AD00F9AB7D /* layouterSample */;
			targetProxy = 841AD75522EE93AE00F9AB7D /* PBXContainerItemProxy */;
		};
/* End PBXTargetDependency section */

/* Begin PBXVariantGroup section */
		841AD73A22EE93AD00F9AB7D /* Main.storyboard */ = {
			isa = PBXVariantGroup;
			children = (
				841AD73B22EE93AD00F9AB7D /* Base */,
			);
			name = Main.storyboard;
			sourceTree = "<group>";
		};
		841AD73F22EE93AE00F9AB7D /* LaunchScreen.storyboard */ = {
			isa = PBXVariantGroup;
			children = (
				841AD74022EE93AE00F9AB7D /* Base */,
			);
			name = LaunchScreen.storyboard;
			sourceTree = "<group>";
		};
/* End PBXVariantGroup section */

/* Begin XCBuildConfiguration section */
		841AD75B22EE93AE00F9AB7D /* Debug */ = {
			isa = XCBuildConfiguration;
			buildSettings = {
				ALWAYS_SEARCH_USER_PATHS = NO;
				CLANG_ANALYZER_NONNULL = YES;
				CLANG_ANALYZER_NUMBER_OBJECT_CONVERSION = YES_AGGRESSIVE;
				CLANG_CXX_LANGUAGE_STANDARD = "gnu++14";
				CLANG_CXX_LIBRARY = "libc++";
				CLANG_ENABLE_MODULES = YES;
				CLANG_ENABLE_OBJC_ARC = YES;
				CLANG_ENABLE_OBJC_WEAK = YES;
				CLANG_WARN_BLOCK_CAPTURE_AUTORELEASING = YES;
				CLANG_WARN_BOOL_CONVERSION = YES;
				CLANG_WARN_COMMA = YES;
				CLANG_WARN_CONSTANT_CONVERSION = YES;
				CLANG_WARN_DEPRECATED_OBJC_IMPLEMENTATIONS = YES;
				CLANG_WARN_DIRECT_OBJC_ISA_USAGE = YES_ERROR;
				CLANG_WARN_DOCUMENTATION_COMMENTS = YES;
				CLANG_WARN_EMPTY_BODY = YES;
				CLANG_WARN_ENUM_CONVERSION = YES;
				CLANG_WARN_INFINITE_RECURSION = YES;
				CLANG_WARN_INT_CONVERSION = YES;
				CLANG_WARN_NON_LITERAL_NULL_CONVERSION = YES;
				CLANG_WARN_OBJC_IMPLICIT_RETAIN_SELF = YES;
				CLANG_WARN_OBJC_LITERAL_CONVERSION = YES;
				CLANG_WARN_OBJC_ROOT_CLASS = YES_ERROR;
				CLANG_WARN_RANGE_LOOP_ANALYSIS = YES;
				CLANG_WARN_STRICT_PROTOTYPES = YES;
				CLANG_WARN_SUSPICIOUS_MOVE = YES;
				CLANG_WARN_UNGUARDED_AVAILABILITY = YES_AGGRESSIVE;
				CLANG_WARN_UNREACHABLE_CODE = YES;
				CLANG_WARN__DUPLICATE_METHOD_MATCH = YES;
				CODE_SIGN_IDENTITY = "iPhone Developer";
				COPY_PHASE_STRIP = NO;
				DEBUG_INFORMATION_FORMAT = dwarf;
				ENABLE_STRICT_OBJC_MSGSEND = YES;
				ENABLE_TESTABILITY = YES;
				GCC_C_LANGUAGE_STANDARD = gnu11;
				GCC_DYNAMIC_NO_PIC = NO;
				GCC_NO_COMMON_BLOCKS = YES;
				GCC_OPTIMIZATION_LEVEL = 0;
				GCC_PREPROCESSOR_DEFINITIONS = (
					"DEBUG=1",
					"$(inherited)",
				);
				GCC_WARN_64_TO_32_BIT_CONVERSION = YES;
				GCC_WARN_ABOUT_RETURN_TYPE = YES_ERROR;
				GCC_WARN_UNDECLARED_SELECTOR = YES;
				GCC_WARN_UNINITIALIZED_AUTOS = YES_AGGRESSIVE;
				GCC_WARN_UNUSED_FUNCTION = YES;
				GCC_WARN_UNUSED_VARIABLE = YES;
				IPHONEOS_DEPLOYMENT_TARGET = 12.2;
				MTL_ENABLE_DEBUG_INFO = INCLUDE_SOURCE;
				MTL_FAST_MATH = YES;
				ONLY_ACTIVE_ARCH = YES;
				SDKROOT = iphoneos;
			};
			name = Debug;
		};
		841AD75C22EE93AE00F9AB7D /* Release */ = {
			isa = XCBuildConfiguration;
			buildSettings = {
				ALWAYS_SEARCH_USER_PATHS = NO;
				CLANG_ANALYZER_NONNULL = YES;
				CLANG_ANALYZER_NUMBER_OBJECT_CONVERSION = YES_AGGRESSIVE;
				CLANG_CXX_LANGUAGE_STANDARD = "gnu++14";
				CLANG_CXX_LIBRARY = "libc++";
				CLANG_ENABLE_MODULES = YES;
				CLANG_ENABLE_OBJC_ARC = YES;
				CLANG_ENABLE_OBJC_WEAK = YES;
				CLANG_WARN_BLOCK_CAPTURE_AUTORELEASING = YES;
				CLANG_WARN_BOOL_CONVERSION = YES;
				CLANG_WARN_COMMA = YES;
				CLANG_WARN_CONSTANT_CONVERSION = YES;
				CLANG_WARN_DEPRECATED_OBJC_IMPLEMENTATIONS = YES;
				CLANG_WARN_DIRECT_OBJC_ISA_USAGE = YES_ERROR;
				CLANG_WARN_DOCUMENTATION_COMMENTS = YES;
				CLANG_WARN_EMPTY_BODY = YES;
				CLANG_WARN_ENUM_CONVERSION = YES;
				CLANG_WARN_INFINITE_RECURSION = YES;
				CLANG_WARN_INT_CONVERSION = YES;
				CLANG_WARN_NON_LITERAL_NULL_CONVERSION = YES;
				CLANG_WARN_OBJC_IMPLICIT_RETAIN_SELF = YES;
				CLANG_WARN_OBJC_LITERAL_CONVERSION = YES;
				CLANG_WARN_OBJC_ROOT_CLASS = YES_ERROR;
				CLANG_WARN_RANGE_LOOP_ANALYSIS = YES;
				CLANG_WARN_STRICT_PROTOTYPES = YES;
				CLANG_WARN_SUSPICIOUS_MOVE = YES;
				CLANG_WARN_UNGUARDED_AVAILABILITY = YES_AGGRESSIVE;
				CLANG_WARN_UNREACHABLE_CODE = YES;
				CLANG_WARN__DUPLICATE_METHOD_MATCH = YES;
				CODE_SIGN_IDENTITY = "iPhone Developer";
				COPY_PHASE_STRIP = NO;
				DEBUG_INFORMATION_FORMAT = "dwarf-with-dsym";
				ENABLE_NS_ASSERTIONS = NO;
				ENABLE_STRICT_OBJC_MSGSEND = YES;
				GCC_C_LANGUAGE_STANDARD = gnu11;
				GCC_NO_COMMON_BLOCKS = YES;
				GCC_WARN_64_TO_32_BIT_CONVERSION = YES;
				GCC_WARN_ABOUT_RETURN_TYPE = YES_ERROR;
				GCC_WARN_UNDECLARED_SELECTOR = YES;
				GCC_WARN_UNINITIALIZED_AUTOS = YES_AGGRESSIVE;
				GCC_WARN_UNUSED_FUNCTION = YES;
				GCC_WARN_UNUSED_VARIABLE = YES;
				IPHONEOS_DEPLOYMENT_TARGET = 12.2;
				MTL_ENABLE_DEBUG_INFO = NO;
				MTL_FAST_MATH = YES;
				SDKROOT = iphoneos;
				VALIDATE_PRODUCT = YES;
			};
			name = Release;
		};
		841AD75E22EE93AE00F9AB7D /* Debug */ = {
			isa = XCBuildConfiguration;
			buildSettings = {
				ASSETCATALOG_COMPILER_APPICON_NAME = AppIcon;
				CODE_SIGN_STYLE = Automatic;
				INFOPLIST_FILE = layouterSample/Info.plist;
				LD_RUNPATH_SEARCH_PATHS = (
					"$(inherited)",
					"@executable_path/Frameworks",
				);
				PRODUCT_BUNDLE_IDENTIFIER = com.michael.layouterSample;
				PRODUCT_NAME = "$(TARGET_NAME)";
				TARGETED_DEVICE_FAMILY = "1,2";
			};
			name = Debug;
		};
		841AD75F22EE93AE00F9AB7D /* Release */ = {
			isa = XCBuildConfiguration;
			buildSettings = {
				ASSETCATALOG_COMPILER_APPICON_NAME = AppIcon;
				CODE_SIGN_STYLE = Automatic;
				INFOPLIST_FILE = layouterSample/Info.plist;
				LD_RUNPATH_SEARCH_PATHS = (
					"$(inherited)",
					"@executable_path/Frameworks",
				);
				PRODUCT_BUNDLE_IDENTIFIER = com.michael.layouterSample;
				PRODUCT_NAME = "$(TARGET_NAME)";
				TARGETED_DEVICE_FAMILY = "1,2";
			};
			name = Release;
		};
		841AD76122EE93AE00F9AB7D /* Debug */ = {
			isa = XCBuildConfiguration;
			buildSettings = {
				BUNDLE_LOADER = "$(TEST_HOST)";
				CODE_SIGN_STYLE = Automatic;
				INFOPLIST_FILE = layouterSampleTests/Info.plist;
				LD_RUNPATH_SEARCH_PATHS = (
					"$(inherited)",
					"@executable_path/Frameworks",
					"@loader_path/Frameworks",
				);
				PRODUCT_BUNDLE_IDENTIFIER = com.michael.layouterSampleTests;
				PRODUCT_NAME = "$(TARGET_NAME)";
				TARGETED_DEVICE_FAMILY = "1,2";
				TEST_HOST = "$(BUILT_PRODUCTS_DIR)/layouterSample.app/layouterSample";
			};
			name = Debug;
		};
		841AD76222EE93AE00F9AB7D /* Release */ = {
			isa = XCBuildConfiguration;
			buildSettings = {
				BUNDLE_LOADER = "$(TEST_HOST)";
				CODE_SIGN_STYLE = Automatic;
				INFOPLIST_FILE = layouterSampleTests/Info.plist;
				LD_RUNPATH_SEARCH_PATHS = (
					"$(inherited)",
					"@executable_path/Frameworks",
					"@loader_path/Frameworks",
				);
				PRODUCT_BUNDLE_IDENTIFIER = com.michael.layouterSampleTests;
				PRODUCT_NAME = "$(TARGET_NAME)";
				TARGETED_DEVICE_FAMILY = "1,2";
				TEST_HOST = "$(BUILT_PRODUCTS_DIR)/layouterSample.app/layouterSample";
			};
			name = Release;
		};
		841AD76422EE93AE00F9AB7D /* Debug */ = {
			isa = XCBuildConfiguration;
			buildSettings = {
				CODE_SIGN_STYLE = Automatic;
				INFOPLIST_FILE = layouterSampleUITests/Info.plist;
				LD_RUNPATH_SEARCH_PATHS = (
					"$(inherited)",
					"@executable_path/Frameworks",
					"@loader_path/Frameworks",
				);
				PRODUCT_BUNDLE_IDENTIFIER = com.michael.layouterSampleUITests;
				PRODUCT_NAME = "$(TARGET_NAME)";
				TARGETED_DEVICE_FAMILY = "1,2";
				TEST_TARGET_NAME = layouterSample;
			};
			name = Debug;
		};
		841AD76522EE93AE00F9AB7D /* Release */ = {
			isa = XCBuildConfiguration;
			buildSettings = {
				CODE_SIGN_STYLE = Automatic;
				INFOPLIST_FILE = layouterSampleUITests/Info.plist;
				LD_RUNPATH_SEARCH_PATHS = (
					"$(inherited)",
					"@executable_path/Frameworks",
					"@loader_path/Frameworks",
				);
				PRODUCT_BUNDLE_IDENTIFIER = com.michael.layouterSampleUITests;
				PRODUCT_NAME = "$(TARGET_NAME)";
				TARGETED_DEVICE_FAMILY = "1,2";
				TEST_TARGET_NAME = layouterSample;
			};
			name = Release;
		};
/* End XCBuildConfiguration section */

/* Begin XCConfigurationList section */
		841AD72C22EE93AD00F9AB7D /* Build configuration list for PBXProject "layouterSample" */ = {
			isa = XCConfigurationList;
			buildConfigurations = (
				841AD75B22EE93AE00F9AB7D /* Debug */,
				841AD75C22EE93AE00F9AB7D /* Release */,
			);
			defaultConfigurationIsVisible = 0;
			defaultConfigurationName = Release;
		};
		841AD75D22EE93AE00F9AB7D /* Build configuration list for PBXNativeTarget "layouterSample" */ = {
			isa = XCConfigurationList;
			buildConfigurations = (
				841AD75E22EE93AE00F9AB7D /* Debug */,
				841AD75F22EE93AE00F9AB7D /* Release */,
			);
			defaultConfigurationIsVisible = 0;
			defaultConfigurationName = Release;
		};
		841AD76022EE93AE00F9AB7D /* Build configuration list for PBXNativeTarget "layouterSampleTests" */ = {
			isa = XCConfigurationList;
			buildConfigurations = (
				841AD76122EE93AE00F9AB7D /* Debug */,
				841AD76222EE93AE00F9AB7D /* Release */,
			);
			defaultConfigurationIsVisible = 0;
			defaultConfigurationName = Release;
		};
		841AD76322EE93AE00F9AB7D /* Build configuration list for PBXNativeTarget "layouterSampleUITests" */ = {
			isa = XCConfigurationList;
			buildConfigurations = (
				841AD76422EE93AE00F9AB7D /* Debug */,
				841AD76522EE93AE00F9AB7D /* Release */,
			);
			defaultConfigurationIsVisible = 0;
			defaultConfigurationName = Release;
		};
/* End XCConfigurationList section */
	};
	rootObject = 841AD72922EE93AD00F9AB7D /* Project object */;
}
